// !$*UTF8*$!
{
	archiveVersion = 1;
	classes = {
	};
	objectVersion = 46;
	objects = {

/* Begin PBXBuildFile section */
		D820ADCF1CBBC72600F1FD6E /* tilemap_orthogonal.tmx in Resources */ = {isa = PBXBuildFile; fileRef = D820ADCE1CBBC72600F1FD6E /* tilemap_orthogonal.tmx */; };
		D83155DB1CBBDE78004DA0C2 /* tilemap_isometric.tmx in Resources */ = {isa = PBXBuildFile; fileRef = D83155DA1CBBDE78004DA0C2 /* tilemap_isometric.tmx */; };
		D84AE5591CB70DA800103BC1 /* SKTilemapTileset.swift in Sources */ = {isa = PBXBuildFile; fileRef = D84AE5581CB70DA800103BC1 /* SKTilemapTileset.swift */; };
		D84DC5871CB83F26007EEC6D /* Camera.swift in Sources */ = {isa = PBXBuildFile; fileRef = D84DC5861CB83F26007EEC6D /* Camera.swift */; };
		D8A818CE1CBD549E00B9AEE4 /* tilemap_isometric_offset.tmx in Resources */ = {isa = PBXBuildFile; fileRef = D8A818CD1CBD549E00B9AEE4 /* tilemap_isometric_offset.tmx */; };
		D8DF5A701CB69C480045F36E /* AppDelegate.swift in Sources */ = {isa = PBXBuildFile; fileRef = D8DF5A6F1CB69C480045F36E /* AppDelegate.swift */; };
		D8DF5A741CB69C480045F36E /* GameScene.swift in Sources */ = {isa = PBXBuildFile; fileRef = D8DF5A731CB69C480045F36E /* GameScene.swift */; };
		D8DF5A761CB69C480045F36E /* GameViewController.swift in Sources */ = {isa = PBXBuildFile; fileRef = D8DF5A751CB69C480045F36E /* GameViewController.swift */; };
		D8DF5A791CB69C480045F36E /* Main.storyboard in Resources */ = {isa = PBXBuildFile; fileRef = D8DF5A771CB69C480045F36E /* Main.storyboard */; };
		D8DF5A7E1CB69C480045F36E /* LaunchScreen.storyboard in Resources */ = {isa = PBXBuildFile; fileRef = D8DF5A7C1CB69C480045F36E /* LaunchScreen.storyboard */; };
		D8DF5A871CB6A0A80045F36E /* SKTilemap.swift in Sources */ = {isa = PBXBuildFile; fileRef = D8DF5A861CB6A0A80045F36E /* SKTilemap.swift */; };
		D8DF5A891CB6C48D0045F36E /* SKTilemapParser.swift in Sources */ = {isa = PBXBuildFile; fileRef = D8DF5A881CB6C48D0045F36E /* SKTilemapParser.swift */; };
		D8DF5A8E1CB6ED8F0045F36E /* tilemap_iso_csv.tmx in Resources */ = {isa = PBXBuildFile; fileRef = D8DF5A8B1CB6ED8F0045F36E /* tilemap_iso_csv.tmx */; };
		D8DF5A8F1CB6ED8F0045F36E /* tileset.atlas in Resources */ = {isa = PBXBuildFile; fileRef = D8DF5A8C1CB6ED8F0045F36E /* tileset.atlas */; };
		D8DF5A901CB6ED8F0045F36E /* tmw_desert_spacing.png in Resources */ = {isa = PBXBuildFile; fileRef = D8DF5A8D1CB6ED8F0045F36E /* tmw_desert_spacing.png */; };
		D8DF5A941CB6F0F30045F36E /* SKTilemapTileData.swift in Sources */ = {isa = PBXBuildFile; fileRef = D8DF5A931CB6F0F30045F36E /* SKTilemapTileData.swift */; };
		D8DF5A961CB6F1320045F36E /* SKTilemapLayer.swift in Sources */ = {isa = PBXBuildFile; fileRef = D8DF5A951CB6F1320045F36E /* SKTilemapLayer.swift */; };
		D8DF5A981CB6F13A0045F36E /* SKTilemapObjectGroup.swift in Sources */ = {isa = PBXBuildFile; fileRef = D8DF5A971CB6F13A0045F36E /* SKTilemapObjectGroup.swift */; };
/* End PBXBuildFile section */

/* Begin PBXFileReference section */
		D820ADCE1CBBC72600F1FD6E /* tilemap_orthogonal.tmx */ = {isa = PBXFileReference; fileEncoding = 4; lastKnownFileType = text.xml; path = tilemap_orthogonal.tmx; sourceTree = "<group>"; };
		D83155DA1CBBDE78004DA0C2 /* tilemap_isometric.tmx */ = {isa = PBXFileReference; fileEncoding = 4; lastKnownFileType = text.xml; path = tilemap_isometric.tmx; sourceTree = "<group>"; };
		D84AE5581CB70DA800103BC1 /* SKTilemapTileset.swift */ = {isa = PBXFileReference; fileEncoding = 4; lastKnownFileType = sourcecode.swift; path = SKTilemapTileset.swift; sourceTree = "<group>"; };
		D84DC5861CB83F26007EEC6D /* Camera.swift */ = {isa = PBXFileReference; fileEncoding = 4; lastKnownFileType = sourcecode.swift; path = Camera.swift; sourceTree = "<group>"; };
		D8A818CD1CBD549E00B9AEE4 /* tilemap_isometric_offset.tmx */ = {isa = PBXFileReference; fileEncoding = 4; lastKnownFileType = text.xml; path = tilemap_isometric_offset.tmx; sourceTree = "<group>"; };
		D8DF5A6C1CB69C480045F36E /* SKTilemap.app */ = {isa = PBXFileReference; explicitFileType = wrapper.application; includeInIndex = 0; path = SKTilemap.app; sourceTree = BUILT_PRODUCTS_DIR; };
		D8DF5A6F1CB69C480045F36E /* AppDelegate.swift */ = {isa = PBXFileReference; lastKnownFileType = sourcecode.swift; path = AppDelegate.swift; sourceTree = "<group>"; };
		D8DF5A731CB69C480045F36E /* GameScene.swift */ = {isa = PBXFileReference; lastKnownFileType = sourcecode.swift; path = GameScene.swift; sourceTree = "<group>"; };
		D8DF5A751CB69C480045F36E /* GameViewController.swift */ = {isa = PBXFileReference; lastKnownFileType = sourcecode.swift; path = GameViewController.swift; sourceTree = "<group>"; };
		D8DF5A781CB69C480045F36E /* Base */ = {isa = PBXFileReference; lastKnownFileType = file.storyboard; name = Base; path = Base.lproj/Main.storyboard; sourceTree = "<group>"; };
		D8DF5A7D1CB69C480045F36E /* Base */ = {isa = PBXFileReference; lastKnownFileType = file.storyboard; name = Base; path = Base.lproj/LaunchScreen.storyboard; sourceTree = "<group>"; };
		D8DF5A7F1CB69C480045F36E /* Info.plist */ = {isa = PBXFileReference; lastKnownFileType = text.plist.xml; path = Info.plist; sourceTree = "<group>"; };
		D8DF5A861CB6A0A80045F36E /* SKTilemap.swift */ = {isa = PBXFileReference; fileEncoding = 4; lastKnownFileType = sourcecode.swift; path = SKTilemap.swift; sourceTree = "<group>"; };
		D8DF5A881CB6C48D0045F36E /* SKTilemapParser.swift */ = {isa = PBXFileReference; fileEncoding = 4; lastKnownFileType = sourcecode.swift; path = SKTilemapParser.swift; sourceTree = "<group>"; };
		D8DF5A8B1CB6ED8F0045F36E /* tilemap_iso_csv.tmx */ = {isa = PBXFileReference; fileEncoding = 4; lastKnownFileType = text.xml; path = tilemap_iso_csv.tmx; sourceTree = "<group>"; };
		D8DF5A8C1CB6ED8F0045F36E /* tileset.atlas */ = {isa = PBXFileReference; lastKnownFileType = folder.skatlas; path = tileset.atlas; sourceTree = "<group>"; };
		D8DF5A8D1CB6ED8F0045F36E /* tmw_desert_spacing.png */ = {isa = PBXFileReference; lastKnownFileType = image.png; path = tmw_desert_spacing.png; sourceTree = "<group>"; };
		D8DF5A931CB6F0F30045F36E /* SKTilemapTileData.swift */ = {isa = PBXFileReference; fileEncoding = 4; lastKnownFileType = sourcecode.swift; path = SKTilemapTileData.swift; sourceTree = "<group>"; };
		D8DF5A951CB6F1320045F36E /* SKTilemapLayer.swift */ = {isa = PBXFileReference; fileEncoding = 4; lastKnownFileType = sourcecode.swift; path = SKTilemapLayer.swift; sourceTree = "<group>"; };
		D8DF5A971CB6F13A0045F36E /* SKTilemapObjectGroup.swift */ = {isa = PBXFileReference; fileEncoding = 4; lastKnownFileType = sourcecode.swift; path = SKTilemapObjectGroup.swift; sourceTree = "<group>"; };
/* End PBXFileReference section */

/* Begin PBXFrameworksBuildPhase section */
		D8DF5A691CB69C480045F36E /* Frameworks */ = {
			isa = PBXFrameworksBuildPhase;
			buildActionMask = 2147483647;
			files = (
			);
			runOnlyForDeploymentPostprocessing = 0;
		};
/* End PBXFrameworksBuildPhase section */

/* Begin PBXGroup section */
		D83155DC1CBC52A8004DA0C2 /* Supporting Files */ = {
			isa = PBXGroup;
			children = (
				D8DF5A6F1CB69C480045F36E /* AppDelegate.swift */,
				D8DF5A751CB69C480045F36E /* GameViewController.swift */,
				D8DF5A771CB69C480045F36E /* Main.storyboard */,
				D8DF5A7C1CB69C480045F36E /* LaunchScreen.storyboard */,
				D8DF5A7F1CB69C480045F36E /* Info.plist */,
			);
			name = "Supporting Files";
			sourceTree = "<group>";
		};
		D8DF5A631CB69C480045F36E = {
			isa = PBXGroup;
			children = (
				D8DF5A6E1CB69C480045F36E /* SKTilemap */,
				D8DF5A6D1CB69C480045F36E /* Products */,
			);
			sourceTree = "<group>";
		};
		D8DF5A6D1CB69C480045F36E /* Products */ = {
			isa = PBXGroup;
			children = (
				D8DF5A6C1CB69C480045F36E /* SKTilemap.app */,
			);
			name = Products;
			sourceTree = "<group>";
		};
		D8DF5A6E1CB69C480045F36E /* SKTilemap */ = {
			isa = PBXGroup;
			children = (
				D83155DC1CBC52A8004DA0C2 /* Supporting Files */,
				D8DF5A8A1CB6ED8F0045F36E /* Resources */,
				D8DF5A851CB6A0960045F36E /* SKTilemap */,
				D84DC5861CB83F26007EEC6D /* Camera.swift */,
				D8DF5A731CB69C480045F36E /* GameScene.swift */,
			);
			path = SKTilemap;
			sourceTree = "<group>";
		};
		D8DF5A851CB6A0960045F36E /* SKTilemap */ = {
			isa = PBXGroup;
			children = (
				D8DF5A931CB6F0F30045F36E /* SKTilemapTileData.swift */,
				D8DF5A861CB6A0A80045F36E /* SKTilemap.swift */,
				D8DF5A951CB6F1320045F36E /* SKTilemapLayer.swift */,
				D8DF5A971CB6F13A0045F36E /* SKTilemapObjectGroup.swift */,
				D8DF5A881CB6C48D0045F36E /* SKTilemapParser.swift */,
				D84AE5581CB70DA800103BC1 /* SKTilemapTileset.swift */,
			);
			name = SKTilemap;
			sourceTree = "<group>";
		};
		D8DF5A8A1CB6ED8F0045F36E /* Resources */ = {
			isa = PBXGroup;
			children = (
				D8DF5A8D1CB6ED8F0045F36E /* tmw_desert_spacing.png */,
				D8A818CD1CBD549E00B9AEE4 /* tilemap_isometric_offset.tmx */,
				D83155DA1CBBDE78004DA0C2 /* tilemap_isometric.tmx */,
				D820ADCE1CBBC72600F1FD6E /* tilemap_orthogonal.tmx */,
				D8DF5A8B1CB6ED8F0045F36E /* tilemap_iso_csv.tmx */,
				D8DF5A8C1CB6ED8F0045F36E /* tileset.atlas */,
			);
			path = Resources;
			sourceTree = "<group>";
		};
/* End PBXGroup section */

/* Begin PBXNativeTarget section */
		D8DF5A6B1CB69C480045F36E /* SKTilemap */ = {
			isa = PBXNativeTarget;
			buildConfigurationList = D8DF5A821CB69C480045F36E /* Build configuration list for PBXNativeTarget "SKTilemap" */;
			buildPhases = (
				D8DF5A681CB69C480045F36E /* Sources */,
				D8DF5A691CB69C480045F36E /* Frameworks */,
				D8DF5A6A1CB69C480045F36E /* Resources */,
			);
			buildRules = (
			);
			dependencies = (
			);
			name = SKTilemap;
			productName = SKTilemap;
			productReference = D8DF5A6C1CB69C480045F36E /* SKTilemap.app */;
			productType = "com.apple.product-type.application";
		};
/* End PBXNativeTarget section */

/* Begin PBXProject section */
		D8DF5A641CB69C480045F36E /* Project object */ = {
			isa = PBXProject;
			attributes = {
				LastSwiftUpdateCheck = 0730;
				LastUpgradeCheck = 0730;
				ORGANIZATIONNAME = "Tom Linthwaite";
				TargetAttributes = {
					D8DF5A6B1CB69C480045F36E = {
						CreatedOnToolsVersion = 7.3;
						DevelopmentTeam = F4333332C5;
					};
				};
			};
			buildConfigurationList = D8DF5A671CB69C480045F36E /* Build configuration list for PBXProject "SKTilemap" */;
			compatibilityVersion = "Xcode 3.2";
			developmentRegion = English;
			hasScannedForEncodings = 0;
			knownRegions = (
				en,
				Base,
			);
			mainGroup = D8DF5A631CB69C480045F36E;
			productRefGroup = D8DF5A6D1CB69C480045F36E /* Products */;
			projectDirPath = "";
			projectRoot = "";
			targets = (
				D8DF5A6B1CB69C480045F36E /* SKTilemap */,
			);
		};
/* End PBXProject section */

/* Begin PBXResourcesBuildPhase section */
		D8DF5A6A1CB69C480045F36E /* Resources */ = {
			isa = PBXResourcesBuildPhase;
			buildActionMask = 2147483647;
			files = (
				D8DF5A7E1CB69C480045F36E /* LaunchScreen.storyboard in Resources */,
				D820ADCF1CBBC72600F1FD6E /* tilemap_orthogonal.tmx in Resources */,
				D8DF5A8E1CB6ED8F0045F36E /* tilemap_iso_csv.tmx in Resources */,
				D8A818CE1CBD549E00B9AEE4 /* tilemap_isometric_offset.tmx in Resources */,
				D8DF5A8F1CB6ED8F0045F36E /* tileset.atlas in Resources */,
				D83155DB1CBBDE78004DA0C2 /* tilemap_isometric.tmx in Resources */,
				D8DF5A901CB6ED8F0045F36E /* tmw_desert_spacing.png in Resources */,
				D8DF5A791CB69C480045F36E /* Main.storyboard in Resources */,
			);
			runOnlyForDeploymentPostprocessing = 0;
		};
/* End PBXResourcesBuildPhase section */

/* Begin PBXSourcesBuildPhase section */
		D8DF5A681CB69C480045F36E /* Sources */ = {
			isa = PBXSourcesBuildPhase;
			buildActionMask = 2147483647;
			files = (
				D8DF5A871CB6A0A80045F36E /* SKTilemap.swift in Sources */,
				D8DF5A741CB69C480045F36E /* GameScene.swift in Sources */,
				D8DF5A891CB6C48D0045F36E /* SKTilemapParser.swift in Sources */,
				D8DF5A761CB69C480045F36E /* GameViewController.swift in Sources */,
				D8DF5A961CB6F1320045F36E /* SKTilemapLayer.swift in Sources */,
				D84AE5591CB70DA800103BC1 /* SKTilemapTileset.swift in Sources */,
				D84DC5871CB83F26007EEC6D /* Camera.swift in Sources */,
				D8DF5A701CB69C480045F36E /* AppDelegate.swift in Sources */,
				D8DF5A981CB6F13A0045F36E /* SKTilemapObjectGroup.swift in Sources */,
				D8DF5A941CB6F0F30045F36E /* SKTilemapTileData.swift in Sources */,
			);
			runOnlyForDeploymentPostprocessing = 0;
		};
/* End PBXSourcesBuildPhase section */

/* Begin PBXVariantGroup section */
		D8DF5A771CB69C480045F36E /* Main.storyboard */ = {
			isa = PBXVariantGroup;
			children = (
				D8DF5A781CB69C480045F36E /* Base */,
			);
			name = Main.storyboard;
			sourceTree = "<group>";
		};
		D8DF5A7C1CB69C480045F36E /* LaunchScreen.storyboard */ = {
			isa = PBXVariantGroup;
			children = (
				D8DF5A7D1CB69C480045F36E /* Base */,
			);
			name = LaunchScreen.storyboard;
			sourceTree = "<group>";
		};
/* End PBXVariantGroup section */

/* Begin XCBuildConfiguration section */
		D8DF5A801CB69C480045F36E /* Debug */ = {
			isa = XCBuildConfiguration;
			buildSettings = {
				ALWAYS_SEARCH_USER_PATHS = NO;
				CLANG_ANALYZER_NONNULL = YES;
				CLANG_CXX_LANGUAGE_STANDARD = "gnu++0x";
				CLANG_CXX_LIBRARY = "libc++";
				CLANG_ENABLE_MODULES = YES;
				CLANG_ENABLE_OBJC_ARC = YES;
				CLANG_WARN_BOOL_CONVERSION = YES;
				CLANG_WARN_CONSTANT_CONVERSION = YES;
				CLANG_WARN_DIRECT_OBJC_ISA_USAGE = YES_ERROR;
				CLANG_WARN_EMPTY_BODY = YES;
				CLANG_WARN_ENUM_CONVERSION = YES;
				CLANG_WARN_INT_CONVERSION = YES;
				CLANG_WARN_OBJC_ROOT_CLASS = YES_ERROR;
				CLANG_WARN_UNREACHABLE_CODE = YES;
				CLANG_WARN__DUPLICATE_METHOD_MATCH = YES;
				"CODE_SIGN_IDENTITY[sdk=iphoneos*]" = "iPhone Developer";
				COPY_PHASE_STRIP = NO;
				DEBUG_INFORMATION_FORMAT = "dwarf-with-dsym";
				ENABLE_STRICT_OBJC_MSGSEND = YES;
				ENABLE_TESTABILITY = YES;
				GCC_C_LANGUAGE_STANDARD = gnu99;
				GCC_DYNAMIC_NO_PIC = NO;
				GCC_NO_COMMON_BLOCKS = YES;
				GCC_OPTIMIZATION_LEVEL = 0;
				GCC_PREPROCESSOR_DEFINITIONS = (
					"DEBUG=1",
					"$(inherited)",
				);
				GCC_WARN_64_TO_32_BIT_CONVERSION = YES;
				GCC_WARN_ABOUT_RETURN_TYPE = YES_ERROR;
				GCC_WARN_UNDECLARED_SELECTOR = YES;
				GCC_WARN_UNINITIALIZED_AUTOS = YES_AGGRESSIVE;
				GCC_WARN_UNUSED_FUNCTION = YES;
				GCC_WARN_UNUSED_VARIABLE = YES;
				IPHONEOS_DEPLOYMENT_TARGET = 9.3;
				MTL_ENABLE_DEBUG_INFO = YES;
				ONLY_ACTIVE_ARCH = YES;
				SDKROOT = iphoneos;
				SWIFT_OPTIMIZATION_LEVEL = "-Onone";
			};
			name = Debug;
		};
		D8DF5A811CB69C480045F36E /* Release */ = {
			isa = XCBuildConfiguration;
			buildSettings = {
				ALWAYS_SEARCH_USER_PATHS = NO;
				CLANG_ANALYZER_NONNULL = YES;
				CLANG_CXX_LANGUAGE_STANDARD = "gnu++0x";
				CLANG_CXX_LIBRARY = "libc++";
				CLANG_ENABLE_MODULES = YES;
				CLANG_ENABLE_OBJC_ARC = YES;
				CLANG_WARN_BOOL_CONVERSION = YES;
				CLANG_WARN_CONSTANT_CONVERSION = YES;
				CLANG_WARN_DIRECT_OBJC_ISA_USAGE = YES_ERROR;
				CLANG_WARN_EMPTY_BODY = YES;
				CLANG_WARN_ENUM_CONVERSION = YES;
				CLANG_WARN_INT_CONVERSION = YES;
				CLANG_WARN_OBJC_ROOT_CLASS = YES_ERROR;
				CLANG_WARN_UNREACHABLE_CODE = YES;
				CLANG_WARN__DUPLICATE_METHOD_MATCH = YES;
				"CODE_SIGN_IDENTITY[sdk=iphoneos*]" = "iPhone Developer";
				COPY_PHASE_STRIP = NO;
				DEBUG_INFORMATION_FORMAT = "dwarf-with-dsym";
				ENABLE_NS_ASSERTIONS = NO;
				ENABLE_STRICT_OBJC_MSGSEND = YES;
				GCC_C_LANGUAGE_STANDARD = gnu99;
				GCC_NO_COMMON_BLOCKS = YES;
				GCC_WARN_64_TO_32_BIT_CONVERSION = YES;
				GCC_WARN_ABOUT_RETURN_TYPE = YES_ERROR;
				GCC_WARN_UNDECLARED_SELECTOR = YES;
				GCC_WARN_UNINITIALIZED_AUTOS = YES_AGGRESSIVE;
				GCC_WARN_UNUSED_FUNCTION = YES;
				GCC_WARN_UNUSED_VARIABLE = YES;
				IPHONEOS_DEPLOYMENT_TARGET = 9.3;
				MTL_ENABLE_DEBUG_INFO = NO;
				SDKROOT = iphoneos;
				VALIDATE_PRODUCT = YES;
			};
			name = Release;
		};
		D8DF5A831CB69C480045F36E /* Debug */ = {
			isa = XCBuildConfiguration;
			buildSettings = {
				ASSETCATALOG_COMPILER_APPICON_NAME = AppIcon;
				INFOPLIST_FILE = SKTilemap/Info.plist;
				LD_RUNPATH_SEARCH_PATHS = "$(inherited) @executable_path/Frameworks";
				PRODUCT_BUNDLE_IDENTIFIER = TomLinthwaite.SKTilemap;
				PRODUCT_NAME = "$(TARGET_NAME)";
			};
			name = Debug;
		};
		D8DF5A841CB69C480045F36E /* Release */ = {
			isa = XCBuildConfiguration;
			buildSettings = {
				ASSETCATALOG_COMPILER_APPICON_NAME = AppIcon;
				INFOPLIST_FILE = SKTilemap/Info.plist;
				LD_RUNPATH_SEARCH_PATHS = "$(inherited) @executable_path/Frameworks";
				PRODUCT_BUNDLE_IDENTIFIER = TomLinthwaite.SKTilemap;
				PRODUCT_NAME = "$(TARGET_NAME)";
			};
			name = Release;
		};
/* End XCBuildConfiguration section */

/* Begin XCConfigurationList section */
		D8DF5A671CB69C480045F36E /* Build configuration list for PBXProject "SKTilemap" */ = {
			isa = XCConfigurationList;
			buildConfigurations = (
				D8DF5A801CB69C480045F36E /* Debug */,
				D8DF5A811CB69C480045F36E /* Release */,
			);
			defaultConfigurationIsVisible = 0;
			defaultConfigurationName = Release;
		};
		D8DF5A821CB69C480045F36E /* Build configuration list for PBXNativeTarget "SKTilemap" */ = {
			isa = XCConfigurationList;
			buildConfigurations = (
				D8DF5A831CB69C480045F36E /* Debug */,
				D8DF5A841CB69C480045F36E /* Release */,
			);
			defaultConfigurationIsVisible = 0;
			defaultConfigurationName = Release;
		};
/* End XCConfigurationList section */
	};
	rootObject = D8DF5A641CB69C480045F36E /* Project object */;
}
